
Microsoft Visual Studio Solution File, Format Version 12.00
# Visual Studio Version 16
VisualStudioVersion = 16.0.30114.105
MinimumVisualStudioVersion = 10.0.40219.1
Project("{FAE04EC0-301F-11D3-BF4B-00C04F79EFBC}") = "rational_class", "rational_class\rational_class.csproj", "{8F916571-2029-45E7-A7C5-B96C1419ACCB}"
EndProject
Global
	GlobalSection(SolutionConfigurationPlatforms) = preSolution
		Debug|Any CPU = Debug|Any CPU
		Release|Any CPU = Release|Any CPU
	EndGlobalSection
	GlobalSection(ProjectConfigurationPlatforms) = postSolution
		{8F916571-2029-45E7-A7C5-B96C1419ACCB}.Debug|Any CPU.ActiveCfg = Debug|Any CPU
		{8F916571-2029-45E7-A7C5-B96C1419ACCB}.Debug|Any CPU.Build.0 = Debug|Any CPU
		{8F916571-2029-45E7-A7C5-B96C1419ACCB}.Release|Any CPU.ActiveCfg = Release|Any CPU
		{8F916571-2029-45E7-A7C5-B96C1419ACCB}.Release|Any CPU.Build.0 = Release|Any CPU
	EndGlobalSection
	GlobalSection(SolutionProperties) = preSolution
		HideSolutionNode = FALSE
	EndGlobalSection
	GlobalSection(ExtensibilityGlobals) = postSolution
		SolutionGuid = {8289FB8D-CDF0-45CE-93AB-A16B8013BFB3}
	EndGlobalSection
EndGlobal
